<?xml version="1.0" encoding="utf-8"?>
<Project ToolsVersion="4.0" xmlns="http://schemas.microsoft.com/developer/msbuild/2003">
  <ItemGroup>
    <Filter Include="Source Files">
      <UniqueIdentifier>{4FC737F1-C7A5-4376-A066-2A32D752A2FF}</UniqueIdentifier>
      <Extensions>cpp;c;cc;cxx;c++;cppm;ixx;def;odl;idl;hpj;bat;asm;asmx</Extensions>
    </Filter>
    <Filter Include="Header Files">
      <UniqueIdentifier>{93995380-89BD-4b04-88EB-625FBE52EBFB}</UniqueIdentifier>
      <Extensions>h;hh;hpp;hxx;h++;hm;inl;inc;ipp;xsd</Extensions>
    </Filter>
    <Filter Include="Resource Files">
      <UniqueIdentifier>{67DA6AB6-F800-4c08-8B7A-83BB121AAD01}</UniqueIdentifier>
      <Extensions>rc;ico;cur;bmp;dlg;rc2;rct;bin;rgs;gif;jpg;jpeg;jpe;resx;tiff;tif;png;wav;mfcribbon-ms</Extensions>
    </Filter>
    <Filter Include="Header Files\ServerSide">
      <UniqueIdentifier>{b4818385-14a1-4663-a606-80b50a5f5d4d}</UniqueIdentifier>
    </Filter>
    <Filter Include="Source Files\ServerSide">
      <UniqueIdentifier>{a4be8dcc-e145-485a-a712-48b49e5c39b4}</UniqueIdentifier>
    </Filter>
    <Filter Include="Header Files\ClientSide">
      <UniqueIdentifier>{39af94b2-9619-4cd7-87a8-af575aadeffb}</UniqueIdentifier>
    </Filter>
    <Filter Include="Source Files\ClientSide">
      <UniqueIdentifier>{b0667303-dfad-4cdd-9224-2f89653311be}</UniqueIdentifier>
    </Filter>
    <Filter Include="Header Files\Models">
      <UniqueIdentifier>{8f194c24-f39f-4e9a-9d39-6875828264f5}</UniqueIdentifier>
    </Filter>
    <Filter Include="Source Files\Models">
      <UniqueIdentifier>{3145019c-f4cb-4bd5-81d6-5b3c00ebd521}</UniqueIdentifier>
    </Filter>
  </ItemGroup>
  <ItemGroup>
    <ClInclude Include="StdAfx.h">
      <Filter>Header Files</Filter>
    </ClInclude>
    <ClInclude Include="RESTServer.h">
      <Filter>Header Files\ServerSide</Filter>
    </ClInclude>
    <ClInclude Include="RESTConnection.h">
      <Filter>Header Files\ServerSide</Filter>
    </ClInclude>
    <ClInclude Include="RESTEndpoint.h">
      <Filter>Header Files\ServerSide</Filter>
    </ClInclude>
    <ClInclude Include="RESTServerContext.h">
      <Filter>Header Files\ServerSide</Filter>
    </ClInclude>
    <ClInclude Include="RESTServerException.h">
      <Filter>Header Files\ServerSide</Filter>
    </ClInclude>
    <ClInclude Include="MdlResponseInfo.h">
      <Filter>Header Files\Models</Filter>
    </ClInclude>
    <ClInclude Include="MdlTokenInfo.h">
      <Filter>Header Files\Models</Filter>
    </ClInclude>
    <ClInclude Include="MdlConnectionInfo.h">
      <Filter>Header Files\Models</Filter>
    </ClInclude>
    <ClInclude Include="MdlErrorInfo.h">
      <Filter>Header Files\Models</Filter>
    </ClInclude>
    <ClInclude Include="MdlUriInfo.h">
      <Filter>Header Files\Models</Filter>
    </ClInclude>
    <ClInclude Include="MdlServerInfo.h">
      <Filter>Header Files\Models</Filter>
    </ClInclude>
    <ClInclude Include="RESTModels.h">
      <Filter>Header Files\Models</Filter>
    </ClInclude>
    <ClInclude Include="RESTClient.h">
      <Filter>Header Files</Filter>
    </ClInclude>
    <ClInclude Include="HTTPSession.h">
      <Filter>Header Files\ServerSide</Filter>
    </ClInclude>
    <ClInclude Include="HTTPSSession.h">
      <Filter>Header Files\ServerSide</Filter>
    </ClInclude>
    <ClInclude Include="HTTPUtils.h">
      <Filter>Header Files\ServerSide</Filter>
    </ClInclude>
    <ClInclude Include="Listener.h">
      <Filter>Header Files\ServerSide</Filter>
    </ClInclude>
    <ClInclude Include="Session.h">
      <Filter>Header Files\ServerSide</Filter>
    </ClInclude>
    <ClInclude Include="ServerInfoContext.h">
      <Filter>Header Files</Filter>
    </ClInclude>
  </ItemGroup>
  <ItemGroup>
    <ClCompile Include="RESTServer.cpp">
      <Filter>Source Files\ServerSide</Filter>
    </ClCompile>
    <ClCompile Include="RESTConnection.cpp">
      <Filter>Source Files\ServerSide</Filter>
    </ClCompile>
    <ClCompile Include="RESTEndpoint.cpp">
      <Filter>Source Files\ServerSide</Filter>
    </ClCompile>
    <ClCompile Include="RESTServerContext.cpp">
      <Filter>Source Files\ServerSide</Filter>
    </ClCompile>
    <ClCompile Include="RESTServerException.cpp">
      <Filter>Source Files\ServerSide</Filter>
    </ClCompile>
    <ClCompile Include="RESTModels.cpp">
      <Filter>Source Files</Filter>
    </ClCompile>
    <ClCompile Include="MdlTokenInfo.cpp">
      <Filter>Source Files\Models</Filter>
    </ClCompile>
    <ClCompile Include="MdlConnectionInfo.cpp">
      <Filter>Source Files\Models</Filter>
    </ClCompile>
    <ClCompile Include="MdlErrorInfo.cpp">
      <Filter>Source Files\Models</Filter>
    </ClCompile>
    <ClCompile Include="MdlResponseInfo.cpp">
      <Filter>Source Files\Models</Filter>
    </ClCompile>
    <ClCompile Include="MdlServerInfo.cpp">
      <Filter>Source Files\Models</Filter>
    </ClCompile>
    <ClCompile Include="RESTClient.cpp">
      <Filter>Source Files</Filter>
    </ClCompile>
    <ClCompile Include="Listener.cpp">
      <Filter>Source Files\ServerSide</Filter>
    </ClCompile>
    <ClCompile Include="MdlUriInfo.cpp">
      <Filter>Source Files\Models</Filter>
    </ClCompile>
    <ClCompile Include="Session.cpp">
      <Filter>Source Files</Filter>
    </ClCompile>
    <ClCompile Include="HTTPSession.cpp">
      <Filter>Source Files\ServerSide</Filter>
    </ClCompile>
    <ClCompile Include="HTTPSSession.cpp">
      <Filter>Source Files\ServerSide</Filter>
    </ClCompile>
    <ClCompile Include="ServerInfoContext.cpp">
      <Filter>Source Files</Filter>
    </ClCompile>
  </ItemGroup>
</Project>