<?xml version="1.0" encoding="utf-8"?>
<Project ToolsVersion="4.0" xmlns="http://schemas.microsoft.com/developer/msbuild/2003">
  <ItemGroup>
    <Filter Include="Source Files">
      <UniqueIdentifier>{4FC737F1-C7A5-4376-A066-2A32D752A2FF}</UniqueIdentifier>
      <Extensions>cpp;c;cc;cxx;c++;cppm;ixx;def;odl;idl;hpj;bat;asm;asmx</Extensions>
    </Filter>
    <Filter Include="Header Files">
      <UniqueIdentifier>{93995380-89BD-4b04-88EB-625FBE52EBFB}</UniqueIdentifier>
      <Extensions>h;hh;hpp;hxx;h++;hm;inl;inc;ipp;xsd</Extensions>
    </Filter>
    <Filter Include="Resource Files">
      <UniqueIdentifier>{67DA6AB6-F800-4c08-8B7A-83BB121AAD01}</UniqueIdentifier>
      <Extensions>rc;ico;cur;bmp;dlg;rc2;rct;bin;rgs;gif;jpg;jpeg;jpe;resx;tiff;tif;png;wav;mfcribbon-ms</Extensions>
    </Filter>
    <Filter Include="Source Files\Persistor">
      <UniqueIdentifier>{d0da111d-920f-4b7c-892b-ee77cbad92cb}</UniqueIdentifier>
    </Filter>
    <Filter Include="Header Files\Persistor">
      <UniqueIdentifier>{bfad1c83-32c3-4a0e-9efc-54237e11e725}</UniqueIdentifier>
    </Filter>
    <Filter Include="Header Files\StateMachine">
      <UniqueIdentifier>{48c60e70-7d79-4704-a79f-1c1884b48e0e}</UniqueIdentifier>
    </Filter>
    <Filter Include="Source Files\StateMachine">
      <UniqueIdentifier>{28ad5ef0-0098-481b-8496-dde547a36b65}</UniqueIdentifier>
    </Filter>
    <Filter Include="Source Files\StateMachine\Events">
      <UniqueIdentifier>{d2fa4a8e-9164-46d1-bdfc-77bba3afc2df}</UniqueIdentifier>
    </Filter>
    <Filter Include="Source Files\StateMachine\States">
      <UniqueIdentifier>{8f0c229a-c4cf-4476-97d7-9e9f545f4df3}</UniqueIdentifier>
    </Filter>
    <Filter Include="Header Files\Logger">
      <UniqueIdentifier>{6d83cc8b-fd80-46ed-9a97-3e715fa072fa}</UniqueIdentifier>
    </Filter>
    <Filter Include="Source Files\Logger">
      <UniqueIdentifier>{2889caa9-37fc-45b6-ac1f-5c07d7d82e9a}</UniqueIdentifier>
    </Filter>
    <Filter Include="Source Files\AsyncProccessor">
      <UniqueIdentifier>{56b43733-b235-421b-8d1f-059dd7868db7}</UniqueIdentifier>
    </Filter>
    <Filter Include="Header Files\AsyncProcessor">
      <UniqueIdentifier>{6db2e662-53a6-4cb6-8e7b-fd8a76278809}</UniqueIdentifier>
    </Filter>
    <Filter Include="Source Files\RestServer">
      <UniqueIdentifier>{45554eb7-69b7-47bc-89a2-c8bc49f1a9dc}</UniqueIdentifier>
    </Filter>
    <Filter Include="Header Files\RESTServer">
      <UniqueIdentifier>{09cf8a0d-3b0c-41e6-9d59-f1a0b6545e45}</UniqueIdentifier>
    </Filter>
  </ItemGroup>
  <ItemGroup>
    <ClCompile Include="RunTests.cpp">
      <Filter>Source Files</Filter>
    </ClCompile>
    <ClCompile Include="stdafx.cpp">
      <Filter>Source Files</Filter>
    </ClCompile>
    <ClCompile Include="PersistorTest.cpp">
      <Filter>Source Files\Persistor</Filter>
    </ClCompile>
    <ClCompile Include="TestContext.cpp">
      <Filter>Source Files\StateMachine</Filter>
    </ClCompile>
    <ClCompile Include="StateMachineTest.cpp">
      <Filter>Source Files\StateMachine</Filter>
    </ClCompile>
    <ClCompile Include="TestSM.cpp">
      <Filter>Source Files\StateMachine</Filter>
    </ClCompile>
    <ClCompile Include="SMTestEventStop.cpp">
      <Filter>Source Files\StateMachine\Events</Filter>
    </ClCompile>
    <ClCompile Include="SMTestEventAbort.cpp">
      <Filter>Source Files\StateMachine\Events</Filter>
    </ClCompile>
    <ClCompile Include="SMTestEventError.cpp">
      <Filter>Source Files\StateMachine\Events</Filter>
    </ClCompile>
    <ClCompile Include="SMTestEventRecover.cpp">
      <Filter>Source Files\StateMachine\Events</Filter>
    </ClCompile>
    <ClCompile Include="SMTestEventStart.cpp">
      <Filter>Source Files\StateMachine\Events</Filter>
    </ClCompile>
    <ClCompile Include="SMTestStateDone.cpp">
      <Filter>Source Files\StateMachine\States</Filter>
    </ClCompile>
    <ClCompile Include="SMTestStateError.cpp">
      <Filter>Source Files\StateMachine\States</Filter>
    </ClCompile>
    <ClCompile Include="SMTestStateIdle.cpp">
      <Filter>Source Files\StateMachine\States</Filter>
    </ClCompile>
    <ClCompile Include="SMTestStateOne.cpp">
      <Filter>Source Files\StateMachine\States</Filter>
    </ClCompile>
    <ClCompile Include="SMTestStateThree.cpp">
      <Filter>Source Files\StateMachine\States</Filter>
    </ClCompile>
    <ClCompile Include="SMTestStateTwo.cpp">
      <Filter>Source Files\StateMachine\States</Filter>
    </ClCompile>
    <ClCompile Include="TestSMState.cpp">
      <Filter>Source Files\StateMachine\States</Filter>
    </ClCompile>
    <ClCompile Include="TestSMEvent.cpp">
      <Filter>Source Files\StateMachine\Events</Filter>
    </ClCompile>
    <ClCompile Include="SMTestMgr.cpp">
      <Filter>Source Files\StateMachine</Filter>
    </ClCompile>
    <ClCompile Include="TestSubSM.cpp">
      <Filter>Source Files\StateMachine</Filter>
    </ClCompile>
    <ClCompile Include="LoggerTest.cpp">
      <Filter>Source Files\Logger</Filter>
    </ClCompile>
    <ClCompile Include="AsyncProccessorTest.cpp">
      <Filter>Source Files\AsyncProccessor</Filter>
    </ClCompile>
    <ClCompile Include="TestActions.cpp">
      <Filter>Source Files\AsyncProccessor</Filter>
    </ClCompile>
    <ClCompile Include="TestResults.cpp">
      <Filter>Source Files\AsyncProccessor</Filter>
    </ClCompile>
    <ClCompile Include="ServerTest.cpp">
      <Filter>Source Files\RestServer</Filter>
    </ClCompile>
    <ClCompile Include="TestEndpoints.cpp">
      <Filter>Source Files\RestServer</Filter>
    </ClCompile>
    <ClCompile Include="Server.cpp">
      <Filter>Source Files\RestServer</Filter>
    </ClCompile>
  </ItemGroup>
  <ItemGroup>
    <ClInclude Include="stdafx.h">
      <Filter>Header Files</Filter>
    </ClInclude>
    <ClInclude Include="PersistorTest.h">
      <Filter>Header Files\Persistor</Filter>
    </ClInclude>
    <ClInclude Include="TestContext.h">
      <Filter>Header Files\StateMachine</Filter>
    </ClInclude>
    <ClInclude Include="TestSM.h">
      <Filter>Header Files\StateMachine</Filter>
    </ClInclude>
    <ClInclude Include="TestSMEvent.h">
      <Filter>Header Files\StateMachine</Filter>
    </ClInclude>
    <ClInclude Include="TestSMState.h">
      <Filter>Header Files\StateMachine</Filter>
    </ClInclude>
    <ClInclude Include="StateMachineTest.h">
      <Filter>Header Files\StateMachine</Filter>
    </ClInclude>
    <ClInclude Include="SMTestMgr.h">
      <Filter>Header Files\StateMachine</Filter>
    </ClInclude>
    <ClInclude Include="LoggerTest.h">
      <Filter>Header Files\Logger</Filter>
    </ClInclude>
    <ClInclude Include="AsyncProccessorTest.h">
      <Filter>Header Files\AsyncProcessor</Filter>
    </ClInclude>
    <ClInclude Include="TestResults.h">
      <Filter>Header Files\AsyncProcessor</Filter>
    </ClInclude>
    <ClInclude Include="TestActions.h">
      <Filter>Header Files\AsyncProcessor</Filter>
    </ClInclude>
    <ClInclude Include="TestSubSM.h">
      <Filter>Header Files\StateMachine</Filter>
    </ClInclude>
    <ClInclude Include="ServerTest.h">
      <Filter>Header Files\RESTServer</Filter>
    </ClInclude>
    <ClInclude Include="TestEndpoints.h">
      <Filter>Header Files\RESTServer</Filter>
    </ClInclude>
    <ClInclude Include="Server.h">
      <Filter>Header Files\RESTServer</Filter>
    </ClInclude>
  </ItemGroup>
</Project>