
Microsoft Visual Studio Solution File, Format Version 12.00
# Visual Studio Version 16
VisualStudioVersion = 16.0.31105.61
MinimumVisualStudioVersion = 10.0.40219.1
Project("{8BC9CEB8-8B4A-11D0-8D11-00A0C91BC942}") = "PasswordGenerator", "PasswordGenerator.vcxproj", "{B8099EFC-5F7F-46AC-9659-E9AD51335F74}"
	ProjectSection(ProjectDependencies) = postProject
		{444899F3-F3EE-478A-9177-6E31CF42D18D} = {444899F3-F3EE-478A-9177-6E31CF42D18D}
	EndProjectSection
EndProject
Project("{8BC9CEB8-8B4A-11D0-8D11-00A0C91BC942}") = "RESTLib", "..\RESTLib\RESTLib.vcxproj", "{444899F3-F3EE-478A-9177-6E31CF42D18D}"
EndProject
Global
	GlobalSection(SolutionConfigurationPlatforms) = preSolution
		Debug|x64 = Debug|x64
		Debug|x86 = Debug|x86
		Release|x64 = Release|x64
		Release|x86 = Release|x86
	EndGlobalSection
	GlobalSection(ProjectConfigurationPlatforms) = postSolution
		{B8099EFC-5F7F-46AC-9659-E9AD51335F74}.Debug|x64.ActiveCfg = Debug|x64
		{B8099EFC-5F7F-46AC-9659-E9AD51335F74}.Debug|x64.Build.0 = Debug|x64
		{B8099EFC-5F7F-46AC-9659-E9AD51335F74}.Debug|x86.ActiveCfg = Debug|Win32
		{B8099EFC-5F7F-46AC-9659-E9AD51335F74}.Debug|x86.Build.0 = Debug|Win32
		{B8099EFC-5F7F-46AC-9659-E9AD51335F74}.Release|x64.ActiveCfg = Release|x64
		{B8099EFC-5F7F-46AC-9659-E9AD51335F74}.Release|x64.Build.0 = Release|x64
		{B8099EFC-5F7F-46AC-9659-E9AD51335F74}.Release|x86.ActiveCfg = Release|Win32
		{B8099EFC-5F7F-46AC-9659-E9AD51335F74}.Release|x86.Build.0 = Release|Win32
		{444899F3-F3EE-478A-9177-6E31CF42D18D}.Debug|x64.ActiveCfg = Debug|x64
		{444899F3-F3EE-478A-9177-6E31CF42D18D}.Debug|x64.Build.0 = Debug|x64
		{444899F3-F3EE-478A-9177-6E31CF42D18D}.Debug|x86.ActiveCfg = Debug|Win32
		{444899F3-F3EE-478A-9177-6E31CF42D18D}.Debug|x86.Build.0 = Debug|Win32
		{444899F3-F3EE-478A-9177-6E31CF42D18D}.Release|x64.ActiveCfg = Release|x64
		{444899F3-F3EE-478A-9177-6E31CF42D18D}.Release|x64.Build.0 = Release|x64
		{444899F3-F3EE-478A-9177-6E31CF42D18D}.Release|x86.ActiveCfg = Release|Win32
		{444899F3-F3EE-478A-9177-6E31CF42D18D}.Release|x86.Build.0 = Release|Win32
	EndGlobalSection
	GlobalSection(SolutionProperties) = preSolution
		HideSolutionNode = FALSE
	EndGlobalSection
	GlobalSection(ExtensibilityGlobals) = postSolution
		SolutionGuid = {DDD40B26-8411-4141-98B5-E7B26020C3BB}
	EndGlobalSection
EndGlobal
